
Microsoft Visual Studio Solution File, Format Version 12.00
# Visual Studio 15
Project("{FAE04EC0-301F-11D3-BF4B-00C04F79EFBC}") = "KoreanFlashCards.Android", "KoreanFlashCards.Android\KoreanFlashCards.Android.csproj", "{6001636B-464E-4AE2-9DD7-EB0F5DF7DEEC}"
EndProject
Project("{FAE04EC0-301F-11D3-BF4B-00C04F79EFBC}") = "KoreanFlashCards.iOS", "KoreanFlashCards.iOS\KoreanFlashCards.iOS.csproj", "{11DCDB46-CD75-496D-8CBA-7E20BECAC992}"
EndProject
Project("{FAE04EC0-301F-11D3-BF4B-00C04F79EFBC}") = "KoreanFlashCards", "KoreanFlashCards\KoreanFlashCards.csproj", "{8B5A7BD7-2906-42DB-A144-36F45DFA7A4F}"
EndProject
Global
	GlobalSection(SolutionConfigurationPlatforms) = preSolution
		Debug|Any CPU = Debug|Any CPU
		Release|Any CPU = Release|Any CPU
		Debug|iPhoneSimulator = Debug|iPhoneSimulator
		Release|iPhoneSimulator = Release|iPhoneSimulator
		Debug|iPhone = Debug|iPhone
		Release|iPhone = Release|iPhone
	EndGlobalSection
	GlobalSection(ProjectConfigurationPlatforms) = postSolution
		{6001636B-464E-4AE2-9DD7-EB0F5DF7DEEC}.Debug|Any CPU.ActiveCfg = Debug|Any CPU
		{6001636B-464E-4AE2-9DD7-EB0F5DF7DEEC}.Debug|Any CPU.Build.0 = Debug|Any CPU
		{6001636B-464E-4AE2-9DD7-EB0F5DF7DEEC}.Release|Any CPU.ActiveCfg = Release|Any CPU
		{6001636B-464E-4AE2-9DD7-EB0F5DF7DEEC}.Release|Any CPU.Build.0 = Release|Any CPU
		{6001636B-464E-4AE2-9DD7-EB0F5DF7DEEC}.Debug|iPhoneSimulator.ActiveCfg = Debug|Any CPU
		{6001636B-464E-4AE2-9DD7-EB0F5DF7DEEC}.Debug|iPhoneSimulator.Build.0 = Debug|Any CPU
		{6001636B-464E-4AE2-9DD7-EB0F5DF7DEEC}.Release|iPhoneSimulator.ActiveCfg = Release|Any CPU
		{6001636B-464E-4AE2-9DD7-EB0F5DF7DEEC}.Release|iPhoneSimulator.Build.0 = Release|Any CPU
		{6001636B-464E-4AE2-9DD7-EB0F5DF7DEEC}.Debug|iPhone.ActiveCfg = Debug|Any CPU
		{6001636B-464E-4AE2-9DD7-EB0F5DF7DEEC}.Debug|iPhone.Build.0 = Debug|Any CPU
		{6001636B-464E-4AE2-9DD7-EB0F5DF7DEEC}.Release|iPhone.ActiveCfg = Release|Any CPU
		{6001636B-464E-4AE2-9DD7-EB0F5DF7DEEC}.Release|iPhone.Build.0 = Release|Any CPU
		{11DCDB46-CD75-496D-8CBA-7E20BECAC992}.Debug|Any CPU.ActiveCfg = Debug|iPhoneSimulator
		{11DCDB46-CD75-496D-8CBA-7E20BECAC992}.Debug|Any CPU.Build.0 = Debug|iPhoneSimulator
		{11DCDB46-CD75-496D-8CBA-7E20BECAC992}.Release|Any CPU.ActiveCfg = Release|iPhoneSimulator
		{11DCDB46-CD75-496D-8CBA-7E20BECAC992}.Release|Any CPU.Build.0 = Release|iPhoneSimulator
		{11DCDB46-CD75-496D-8CBA-7E20BECAC992}.Debug|iPhoneSimulator.ActiveCfg = Debug|iPhoneSimulator
		{11DCDB46-CD75-496D-8CBA-7E20BECAC992}.Debug|iPhoneSimulator.Build.0 = Debug|iPhoneSimulator
		{11DCDB46-CD75-496D-8CBA-7E20BECAC992}.Release|iPhoneSimulator.ActiveCfg = Release|iPhoneSimulator
		{11DCDB46-CD75-496D-8CBA-7E20BECAC992}.Release|iPhoneSimulator.Build.0 = Release|iPhoneSimulator
		{11DCDB46-CD75-496D-8CBA-7E20BECAC992}.Debug|iPhone.ActiveCfg = Debug|iPhone
		{11DCDB46-CD75-496D-8CBA-7E20BECAC992}.Debug|iPhone.Build.0 = Debug|iPhone
		{11DCDB46-CD75-496D-8CBA-7E20BECAC992}.Release|iPhone.ActiveCfg = Release|iPhone
		{11DCDB46-CD75-496D-8CBA-7E20BECAC992}.Release|iPhone.Build.0 = Release|iPhone
		{8B5A7BD7-2906-42DB-A144-36F45DFA7A4F}.Debug|Any CPU.ActiveCfg = Debug|Any CPU
		{8B5A7BD7-2906-42DB-A144-36F45DFA7A4F}.Debug|Any CPU.Build.0 = Debug|Any CPU
		{8B5A7BD7-2906-42DB-A144-36F45DFA7A4F}.Release|Any CPU.ActiveCfg = Release|Any CPU
		{8B5A7BD7-2906-42DB-A144-36F45DFA7A4F}.Release|Any CPU.Build.0 = Release|Any CPU
		{8B5A7BD7-2906-42DB-A144-36F45DFA7A4F}.Debug|iPhoneSimulator.ActiveCfg = Debug|Any CPU
		{8B5A7BD7-2906-42DB-A144-36F45DFA7A4F}.Debug|iPhoneSimulator.Build.0 = Debug|Any CPU
		{8B5A7BD7-2906-42DB-A144-36F45DFA7A4F}.Release|iPhoneSimulator.ActiveCfg = Release|Any CPU
		{8B5A7BD7-2906-42DB-A144-36F45DFA7A4F}.Release|iPhoneSimulator.Build.0 = Release|Any CPU
		{8B5A7BD7-2906-42DB-A144-36F45DFA7A4F}.Debug|iPhone.ActiveCfg = Debug|Any CPU
		{8B5A7BD7-2906-42DB-A144-36F45DFA7A4F}.Debug|iPhone.Build.0 = Debug|Any CPU
		{8B5A7BD7-2906-42DB-A144-36F45DFA7A4F}.Release|iPhone.ActiveCfg = Release|Any CPU
		{8B5A7BD7-2906-42DB-A144-36F45DFA7A4F}.Release|iPhone.Build.0 = Release|Any CPU
	EndGlobalSection
EndGlobal
