
Microsoft Visual Studio Solution File, Format Version 12.00
# Visual Studio 15
Project("{FAE04EC0-301F-11D3-BF4B-00C04F79EFBC}") = "KoreanFlashCards", "KoreanFlashCards.csproj", "{316B142A-39A3-40E6-8BF5-FDD034E93772}"
EndProject
Global
	GlobalSection(SolutionConfigurationPlatforms) = preSolution
		Debug|Any CPU = Debug|Any CPU
		Release|Any CPU = Release|Any CPU
	EndGlobalSection
	GlobalSection(ProjectConfigurationPlatforms) = postSolution
		{316B142A-39A3-40E6-8BF5-FDD034E93772}.Debug|Any CPU.ActiveCfg = Debug|Any CPU
		{316B142A-39A3-40E6-8BF5-FDD034E93772}.Debug|Any CPU.Build.0 = Debug|Any CPU
		{316B142A-39A3-40E6-8BF5-FDD034E93772}.Release|Any CPU.ActiveCfg = Release|Any CPU
		{316B142A-39A3-40E6-8BF5-FDD034E93772}.Release|Any CPU.Build.0 = Release|Any CPU
	EndGlobalSection
EndGlobal
